
Microsoft Visual Studio Solution File, Format Version 12.00
# Visual Studio Version 16
VisualStudioVersion = 16.0.31702.278
MinimumVisualStudioVersion = 10.0.40219.1
Project("{FAE04EC0-301F-11D3-BF4B-00C04F79EFBC}") = "WarCardGame", "WarCardGame\WarCardGame.csproj", "{47EF34C3-6566-42BE-84BF-6D7151A0358E}"
EndProject
Global
	GlobalSection(SolutionConfigurationPlatforms) = preSolution
		Debug|Any CPU = Debug|Any CPU
		Release|Any CPU = Release|Any CPU
	EndGlobalSection
	GlobalSection(ProjectConfigurationPlatforms) = postSolution
		{47EF34C3-6566-42BE-84BF-6D7151A0358E}.Debug|Any CPU.ActiveCfg = Debug|Any CPU
		{47EF34C3-6566-42BE-84BF-6D7151A0358E}.Debug|Any CPU.Build.0 = Debug|Any CPU
		{47EF34C3-6566-42BE-84BF-6D7151A0358E}.Release|Any CPU.ActiveCfg = Release|Any CPU
		{47EF34C3-6566-42BE-84BF-6D7151A0358E}.Release|Any CPU.Build.0 = Release|Any CPU
	EndGlobalSection
	GlobalSection(SolutionProperties) = preSolution
		HideSolutionNode = FALSE
	EndGlobalSection
	GlobalSection(ExtensibilityGlobals) = postSolution
		SolutionGuid = {43D57DEB-92CB-45B6-827A-7E144413F432}
	EndGlobalSection
EndGlobal
